
Microsoft Visual Studio Solution File, Format Version 12.00
# Visual Studio 14
VisualStudioVersion = 14.0.25420.1
MinimumVisualStudioVersion = 10.0.40219.1
Project("{FAE04EC0-301F-11D3-BF4B-00C04F79EFBC}") = "Application", "Application\Application.csproj", "{B9C796E6-4D8D-4A75-9A77-13CE39558AC0}"
EndProject
Project("{FAE04EC0-301F-11D3-BF4B-00C04F79EFBC}") = "Infraestructure.Data", "Infraestructure.Data\Infraestructure.Data.csproj", "{33CE1928-920A-403B-A409-B855AE44298E}"
EndProject
Project("{FAE04EC0-301F-11D3-BF4B-00C04F79EFBC}") = "Domain", "Domain\Domain.csproj", "{39B9631B-085A-4A0D-BE35-0852A6C26540}"
EndProject
Project("{FAE04EC0-301F-11D3-BF4B-00C04F79EFBC}") = "UI.Console", "UI.Console\UI.Console.csproj", "{F78A4462-F18C-448E-AE3A-E53F23EDAAAA}"
EndProject
Project("{FAE04EC0-301F-11D3-BF4B-00C04F79EFBC}") = "Domain.Test", "Domain.Test\Domain.Test.csproj", "{8EDF4429-251A-416D-BB68-93F227191BCF}"
EndProject
Project("{FAE04EC0-301F-11D3-BF4B-00C04F79EFBC}") = "Infraestructure.Data.Test", "Infraestructure.Data.Test\Infraestructure.Data.Test.csproj", "{4D9B51DB-2401-47F7-8A83-F1E3B4B84A9F}"
EndProject
Project("{FAE04EC0-301F-11D3-BF4B-00C04F79EFBC}") = "Application.Test", "Application.Test\Application.Test.csproj", "{87A6E21E-FC07-4463-8754-CC779AA62936}"
EndProject
Project("{FAE04EC0-301F-11D3-BF4B-00C04F79EFBC}") = "WebApi", "WebApi\WebApi.csproj", "{257B241B-06E7-4438-90A3-201388BD0CBB}"
EndProject
Project("{FAE04EC0-301F-11D3-BF4B-00C04F79EFBC}") = "WebApi.Tests", "WebApi.Tests\WebApi.Tests.csproj", "{406C47A2-70D3-45E1-8AE3-43B253E465B4}"
EndProject
Project("{FAE04EC0-301F-11D3-BF4B-00C04F79EFBC}") = "WebMVC", "WebMVC\WebMVC.csproj", "{D31B054C-58A5-4C58-838F-D2A7E2BA1C63}"
EndProject
Project("{FAE04EC0-301F-11D3-BF4B-00C04F79EFBC}") = "WebMVC.Tests", "WebMVC.Tests\WebMVC.Tests.csproj", "{D6044782-9779-4287-AC9D-DA4B00628661}"
EndProject
Project("{FAE04EC0-301F-11D3-BF4B-00C04F79EFBC}") = "WebApiNUnit.Tests", "WebApiNUnit.Tests\WebApiNUnit.Tests.csproj", "{CD3668C2-5C64-4A82-BB72-E527EC02312E}"
EndProject
Global
	GlobalSection(SolutionConfigurationPlatforms) = preSolution
		Debug|Any CPU = Debug|Any CPU
		Release|Any CPU = Release|Any CPU
	EndGlobalSection
	GlobalSection(ProjectConfigurationPlatforms) = postSolution
		{B9C796E6-4D8D-4A75-9A77-13CE39558AC0}.Debug|Any CPU.ActiveCfg = Debug|Any CPU
		{B9C796E6-4D8D-4A75-9A77-13CE39558AC0}.Debug|Any CPU.Build.0 = Debug|Any CPU
		{B9C796E6-4D8D-4A75-9A77-13CE39558AC0}.Release|Any CPU.ActiveCfg = Release|Any CPU
		{B9C796E6-4D8D-4A75-9A77-13CE39558AC0}.Release|Any CPU.Build.0 = Release|Any CPU
		{33CE1928-920A-403B-A409-B855AE44298E}.Debug|Any CPU.ActiveCfg = Debug|Any CPU
		{33CE1928-920A-403B-A409-B855AE44298E}.Debug|Any CPU.Build.0 = Debug|Any CPU
		{33CE1928-920A-403B-A409-B855AE44298E}.Release|Any CPU.ActiveCfg = Release|Any CPU
		{33CE1928-920A-403B-A409-B855AE44298E}.Release|Any CPU.Build.0 = Release|Any CPU
		{39B9631B-085A-4A0D-BE35-0852A6C26540}.Debug|Any CPU.ActiveCfg = Debug|Any CPU
		{39B9631B-085A-4A0D-BE35-0852A6C26540}.Debug|Any CPU.Build.0 = Debug|Any CPU
		{39B9631B-085A-4A0D-BE35-0852A6C26540}.Release|Any CPU.ActiveCfg = Release|Any CPU
		{39B9631B-085A-4A0D-BE35-0852A6C26540}.Release|Any CPU.Build.0 = Release|Any CPU
		{F78A4462-F18C-448E-AE3A-E53F23EDAAAA}.Debug|Any CPU.ActiveCfg = Debug|Any CPU
		{F78A4462-F18C-448E-AE3A-E53F23EDAAAA}.Debug|Any CPU.Build.0 = Debug|Any CPU
		{F78A4462-F18C-448E-AE3A-E53F23EDAAAA}.Release|Any CPU.ActiveCfg = Release|Any CPU
		{F78A4462-F18C-448E-AE3A-E53F23EDAAAA}.Release|Any CPU.Build.0 = Release|Any CPU
		{8EDF4429-251A-416D-BB68-93F227191BCF}.Debug|Any CPU.ActiveCfg = Debug|Any CPU
		{8EDF4429-251A-416D-BB68-93F227191BCF}.Debug|Any CPU.Build.0 = Debug|Any CPU
		{8EDF4429-251A-416D-BB68-93F227191BCF}.Release|Any CPU.ActiveCfg = Release|Any CPU
		{8EDF4429-251A-416D-BB68-93F227191BCF}.Release|Any CPU.Build.0 = Release|Any CPU
		{4D9B51DB-2401-47F7-8A83-F1E3B4B84A9F}.Debug|Any CPU.ActiveCfg = Debug|Any CPU
		{4D9B51DB-2401-47F7-8A83-F1E3B4B84A9F}.Debug|Any CPU.Build.0 = Debug|Any CPU
		{4D9B51DB-2401-47F7-8A83-F1E3B4B84A9F}.Release|Any CPU.ActiveCfg = Release|Any CPU
		{4D9B51DB-2401-47F7-8A83-F1E3B4B84A9F}.Release|Any CPU.Build.0 = Release|Any CPU
		{87A6E21E-FC07-4463-8754-CC779AA62936}.Debug|Any CPU.ActiveCfg = Debug|Any CPU
		{87A6E21E-FC07-4463-8754-CC779AA62936}.Debug|Any CPU.Build.0 = Debug|Any CPU
		{87A6E21E-FC07-4463-8754-CC779AA62936}.Release|Any CPU.ActiveCfg = Release|Any CPU
		{87A6E21E-FC07-4463-8754-CC779AA62936}.Release|Any CPU.Build.0 = Release|Any CPU
		{257B241B-06E7-4438-90A3-201388BD0CBB}.Debug|Any CPU.ActiveCfg = Debug|Any CPU
		{257B241B-06E7-4438-90A3-201388BD0CBB}.Debug|Any CPU.Build.0 = Debug|Any CPU
		{257B241B-06E7-4438-90A3-201388BD0CBB}.Release|Any CPU.ActiveCfg = Release|Any CPU
		{257B241B-06E7-4438-90A3-201388BD0CBB}.Release|Any CPU.Build.0 = Release|Any CPU
		{406C47A2-70D3-45E1-8AE3-43B253E465B4}.Debug|Any CPU.ActiveCfg = Debug|Any CPU
		{406C47A2-70D3-45E1-8AE3-43B253E465B4}.Debug|Any CPU.Build.0 = Debug|Any CPU
		{406C47A2-70D3-45E1-8AE3-43B253E465B4}.Release|Any CPU.ActiveCfg = Release|Any CPU
		{406C47A2-70D3-45E1-8AE3-43B253E465B4}.Release|Any CPU.Build.0 = Release|Any CPU
		{D31B054C-58A5-4C58-838F-D2A7E2BA1C63}.Debug|Any CPU.ActiveCfg = Debug|Any CPU
		{D31B054C-58A5-4C58-838F-D2A7E2BA1C63}.Debug|Any CPU.Build.0 = Debug|Any CPU
		{D31B054C-58A5-4C58-838F-D2A7E2BA1C63}.Release|Any CPU.ActiveCfg = Release|Any CPU
		{D31B054C-58A5-4C58-838F-D2A7E2BA1C63}.Release|Any CPU.Build.0 = Release|Any CPU
		{D6044782-9779-4287-AC9D-DA4B00628661}.Debug|Any CPU.ActiveCfg = Debug|Any CPU
		{D6044782-9779-4287-AC9D-DA4B00628661}.Debug|Any CPU.Build.0 = Debug|Any CPU
		{D6044782-9779-4287-AC9D-DA4B00628661}.Release|Any CPU.ActiveCfg = Release|Any CPU
		{D6044782-9779-4287-AC9D-DA4B00628661}.Release|Any CPU.Build.0 = Release|Any CPU
		{CD3668C2-5C64-4A82-BB72-E527EC02312E}.Debug|Any CPU.ActiveCfg = Debug|Any CPU
		{CD3668C2-5C64-4A82-BB72-E527EC02312E}.Debug|Any CPU.Build.0 = Debug|Any CPU
		{CD3668C2-5C64-4A82-BB72-E527EC02312E}.Release|Any CPU.ActiveCfg = Release|Any CPU
		{CD3668C2-5C64-4A82-BB72-E527EC02312E}.Release|Any CPU.Build.0 = Release|Any CPU
	EndGlobalSection
	GlobalSection(SolutionProperties) = preSolution
		HideSolutionNode = FALSE
	EndGlobalSection
EndGlobal
