
Microsoft Visual Studio Solution File, Format Version 12.00
# Visual Studio 14
VisualStudioVersion = 14.0.25420.1
MinimumVisualStudioVersion = 10.0.40219.1
Project("{FAE04EC0-301F-11D3-BF4B-00C04F79EFBC}") = "Application", "Application\Application.csproj", "{B9C796E6-4D8D-4A75-9A77-13CE39558AC0}"
EndProject
Project("{FAE04EC0-301F-11D3-BF4B-00C04F79EFBC}") = "Infraestructure.Data", "Infraestructure.Data\Infraestructure.Data.csproj", "{33CE1928-920A-403B-A409-B855AE44298E}"
EndProject
Project("{FAE04EC0-301F-11D3-BF4B-00C04F79EFBC}") = "Domain", "Domain\Domain.csproj", "{39B9631B-085A-4A0D-BE35-0852A6C26540}"
EndProject
Project("{FAE04EC0-301F-11D3-BF4B-00C04F79EFBC}") = "UI.Console", "UI.Console\UI.Console.csproj", "{F78A4462-F18C-448E-AE3A-E53F23EDAAAA}"
EndProject
Global
	GlobalSection(SolutionConfigurationPlatforms) = preSolution
		Debug|Any CPU = Debug|Any CPU
		Release|Any CPU = Release|Any CPU
	EndGlobalSection
	GlobalSection(ProjectConfigurationPlatforms) = postSolution
		{B9C796E6-4D8D-4A75-9A77-13CE39558AC0}.Debug|Any CPU.ActiveCfg = Debug|Any CPU
		{B9C796E6-4D8D-4A75-9A77-13CE39558AC0}.Debug|Any CPU.Build.0 = Debug|Any CPU
		{B9C796E6-4D8D-4A75-9A77-13CE39558AC0}.Release|Any CPU.ActiveCfg = Release|Any CPU
		{B9C796E6-4D8D-4A75-9A77-13CE39558AC0}.Release|Any CPU.Build.0 = Release|Any CPU
		{33CE1928-920A-403B-A409-B855AE44298E}.Debug|Any CPU.ActiveCfg = Debug|Any CPU
		{33CE1928-920A-403B-A409-B855AE44298E}.Debug|Any CPU.Build.0 = Debug|Any CPU
		{33CE1928-920A-403B-A409-B855AE44298E}.Release|Any CPU.ActiveCfg = Release|Any CPU
		{33CE1928-920A-403B-A409-B855AE44298E}.Release|Any CPU.Build.0 = Release|Any CPU
		{39B9631B-085A-4A0D-BE35-0852A6C26540}.Debug|Any CPU.ActiveCfg = Debug|Any CPU
		{39B9631B-085A-4A0D-BE35-0852A6C26540}.Debug|Any CPU.Build.0 = Debug|Any CPU
		{39B9631B-085A-4A0D-BE35-0852A6C26540}.Release|Any CPU.ActiveCfg = Release|Any CPU
		{39B9631B-085A-4A0D-BE35-0852A6C26540}.Release|Any CPU.Build.0 = Release|Any CPU
		{F78A4462-F18C-448E-AE3A-E53F23EDAAAA}.Debug|Any CPU.ActiveCfg = Debug|Any CPU
		{F78A4462-F18C-448E-AE3A-E53F23EDAAAA}.Debug|Any CPU.Build.0 = Debug|Any CPU
		{F78A4462-F18C-448E-AE3A-E53F23EDAAAA}.Release|Any CPU.ActiveCfg = Release|Any CPU
		{F78A4462-F18C-448E-AE3A-E53F23EDAAAA}.Release|Any CPU.Build.0 = Release|Any CPU
	EndGlobalSection
	GlobalSection(SolutionProperties) = preSolution
		HideSolutionNode = FALSE
	EndGlobalSection
EndGlobal
